<?xml version="1.0" encoding="utf-8"?>
<Project ToolsVersion="4.0" xmlns="http://schemas.microsoft.com/developer/msbuild/2003">
  <ItemGroup>
    <Filter Include="Source Files">
      <UniqueIdentifier>{4FC737F1-C7A5-4376-A066-2A32D752A2FF}</UniqueIdentifier>
      <Extensions>cpp;c;cc;cxx;def;odl;idl;hpj;bat;asm;asmx</Extensions>
    </Filter>
    <Filter Include="Header Files">
      <UniqueIdentifier>{93995380-89BD-4b04-88EB-625FBE52EBFB}</UniqueIdentifier>
      <Extensions>h;hh;hpp;hxx;hm;inl;inc;xsd</Extensions>
    </Filter>
    <Filter Include="Resource Files">
      <UniqueIdentifier>{67DA6AB6-F800-4c08-8B7A-83BB121AAD01}</UniqueIdentifier>
      <Extensions>rc;ico;cur;bmp;dlg;rc2;rct;bin;rgs;gif;jpg;jpeg;jpe;resx;tiff;tif;png;wav;mfcribbon-ms</Extensions>
    </Filter>
  </ItemGroup>
  <ItemGroup>
    <ClInclude Include="Steam\OSW\AppsCommon.h">
      <Filter>Header Files</Filter>
    </ClInclude>
    <ClInclude Include="Steam\OSW\AppTicketCommon.h">
      <Filter>Header Files</Filter>
    </ClInclude>
    <ClInclude Include="Steam\OSW\BillingCommon.h">
      <Filter>Header Files</Filter>
    </ClInclude>
    <ClInclude Include="Steam\OSW\BridgeCommon.h">
      <Filter>Header Files</Filter>
    </ClInclude>
    <ClInclude Include="Steam\OSW\CCallback.h">
      <Filter>Header Files</Filter>
    </ClInclude>
    <ClInclude Include="Steam\OSW\CGameID.h">
      <Filter>Header Files</Filter>
    </ClInclude>
    <ClInclude Include="Steam\OSW\ClientCommon.h">
      <Filter>Header Files</Filter>
    </ClInclude>
    <ClInclude Include="Steam\OSW\ContentServerCommon.h">
      <Filter>Header Files</Filter>
    </ClInclude>
    <ClInclude Include="Steam\OSW\ControllerCommon.h">
      <Filter>Header Files</Filter>
    </ClInclude>
    <ClInclude Include="Steam\OSW\CSteamAPIContext.h">
      <Filter>Header Files</Filter>
    </ClInclude>
    <ClInclude Include="Steam\OSW\CSteamID.h">
      <Filter>Header Files</Filter>
    </ClInclude>
    <ClInclude Include="Steam\OSW\ECurrencyCode.h">
      <Filter>Header Files</Filter>
    </ClInclude>
    <ClInclude Include="Steam\OSW\EResult.h">
      <Filter>Header Files</Filter>
    </ClInclude>
    <ClInclude Include="Steam\OSW\ESteamAppUpdateStatsQueryType.h">
      <Filter>Header Files</Filter>
    </ClInclude>
    <ClInclude Include="Steam\OSW\ESteamBufferMethod.h">
      <Filter>Header Files</Filter>
    </ClInclude>
    <ClInclude Include="Steam\OSW\ESteamError.h">
      <Filter>Header Files</Filter>
    </ClInclude>
    <ClInclude Include="Steam\OSW\ESteamFindFilter.h">
      <Filter>Header Files</Filter>
    </ClInclude>
    <ClInclude Include="Steam\OSW\ESteamNotify.h">
      <Filter>Header Files</Filter>
    </ClInclude>
    <ClInclude Include="Steam\OSW\ESteamPaymentCardType.h">
      <Filter>Header Files</Filter>
    </ClInclude>
    <ClInclude Include="Steam\OSW\ESteamSeekMethod.h">
      <Filter>Header Files</Filter>
    </ClInclude>
    <ClInclude Include="Steam\OSW\ESteamServerType.h">
      <Filter>Header Files</Filter>
    </ClInclude>
    <ClInclude Include="Steam\OSW\ESteamSubscriptionBillingInfoType.h">
      <Filter>Header Files</Filter>
    </ClInclude>
    <ClInclude Include="Steam\OSW\ESteamSubscriptionStatus.h">
      <Filter>Header Files</Filter>
    </ClInclude>
    <ClInclude Include="Steam\OSW\EVoiceResult.h">
      <Filter>Header Files</Filter>
    </ClInclude>
    <ClInclude Include="Steam\OSW\FriendGameInfo.h">
      <Filter>Header Files</Filter>
    </ClInclude>
    <ClInclude Include="Steam\OSW\FriendsCommon.h">
      <Filter>Header Files</Filter>
    </ClInclude>
    <ClInclude Include="Steam\OSW\GameCoordinatorCommon.h">
      <Filter>Header Files</Filter>
    </ClInclude>
    <ClInclude Include="Steam\OSW\GameServerCommon.h">
      <Filter>Header Files</Filter>
    </ClInclude>
    <ClInclude Include="Steam\OSW\gameserveritem.h">
      <Filter>Header Files</Filter>
    </ClInclude>
    <ClInclude Include="Steam\OSW\GameServerStatsCommon.h">
      <Filter>Header Files</Filter>
    </ClInclude>
    <ClInclude Include="Steam\OSW\GameStatsCommon.h">
      <Filter>Header Files</Filter>
    </ClInclude>
    <ClInclude Include="Steam\OSW\HTTPCommon.h">
      <Filter>Header Files</Filter>
    </ClInclude>
    <ClInclude Include="Steam\OSW\IClientAppManager.h">
      <Filter>Header Files</Filter>
    </ClInclude>
    <ClInclude Include="Steam\OSW\IClientApps.h">
      <Filter>Header Files</Filter>
    </ClInclude>
    <ClInclude Include="Steam\OSW\IClientAudio.h">
      <Filter>Header Files</Filter>
    </ClInclude>
    <ClInclude Include="Steam\OSW\IClientBilling.h">
      <Filter>Header Files</Filter>
    </ClInclude>
    <ClInclude Include="Steam\OSW\IClientConfigStore.h">
      <Filter>Header Files</Filter>
    </ClInclude>
    <ClInclude Include="Steam\OSW\IClientContentServer.h">
      <Filter>Header Files</Filter>
    </ClInclude>
    <ClInclude Include="Steam\OSW\IClientDepotBuilder.h">
      <Filter>Header Files</Filter>
    </ClInclude>
    <ClInclude Include="Steam\OSW\IClientDeviceAuth.h">
      <Filter>Header Files</Filter>
    </ClInclude>
    <ClInclude Include="Steam\OSW\IClientEngine.h">
      <Filter>Header Files</Filter>
    </ClInclude>
    <ClInclude Include="Steam\OSW\IClientFriends.h">
      <Filter>Header Files</Filter>
    </ClInclude>
    <ClInclude Include="Steam\OSW\IClientGameCoordinator.h">
      <Filter>Header Files</Filter>
    </ClInclude>
    <ClInclude Include="Steam\OSW\IClientGameServer.h">
      <Filter>Header Files</Filter>
    </ClInclude>
    <ClInclude Include="Steam\OSW\IClientGameServerStats.h">
      <Filter>Header Files</Filter>
    </ClInclude>
    <ClInclude Include="Steam\OSW\IClientGameStats.h">
      <Filter>Header Files</Filter>
    </ClInclude>
    <ClInclude Include="Steam\OSW\IClientHTTP.h">
      <Filter>Header Files</Filter>
    </ClInclude>
    <ClInclude Include="Steam\OSW\IClientMasterServerUpdater.h">
      <Filter>Header Files</Filter>
    </ClInclude>
    <ClInclude Include="Steam\OSW\IClientMatchmaking.h">
      <Filter>Header Files</Filter>
    </ClInclude>
    <ClInclude Include="Steam\OSW\IClientMatchmakingServers.h">
      <Filter>Header Files</Filter>
    </ClInclude>
    <ClInclude Include="Steam\OSW\IClientMusic.h">
      <Filter>Header Files</Filter>
    </ClInclude>
    <ClInclude Include="Steam\OSW\IClientNetworkDeviceManager.h">
      <Filter>Header Files</Filter>
    </ClInclude>
    <ClInclude Include="Steam\OSW\IClientNetworking.h">
      <Filter>Header Files</Filter>
    </ClInclude>
    <ClInclude Include="Steam\OSW\IClientRemoteStorage.h">
      <Filter>Header Files</Filter>
    </ClInclude>
    <ClInclude Include="Steam\OSW\IClientScreenshots.h">
      <Filter>Header Files</Filter>
    </ClInclude>
    <ClInclude Include="Steam\OSW\IClientStreamLauncher.h">
      <Filter>Header Files</Filter>
    </ClInclude>
    <ClInclude Include="Steam\OSW\IClientUnifiedMessages.h">
      <Filter>Header Files</Filter>
    </ClInclude>
    <ClInclude Include="Steam\OSW\IClientUser.h">
      <Filter>Header Files</Filter>
    </ClInclude>
    <ClInclude Include="Steam\OSW\IClientUserStats.h">
      <Filter>Header Files</Filter>
    </ClInclude>
    <ClInclude Include="Steam\OSW\IClientUtils.h">
      <Filter>Header Files</Filter>
    </ClInclude>
    <ClInclude Include="Steam\OSW\Interface_OSW.h">
      <Filter>Header Files</Filter>
    </ClInclude>
    <ClInclude Include="Steam\OSW\ISteam2Bridge001.h">
      <Filter>Header Files</Filter>
    </ClInclude>
    <ClInclude Include="Steam\OSW\ISteam2Bridge002.h">
      <Filter>Header Files</Filter>
    </ClInclude>
    <ClInclude Include="Steam\OSW\ISteam003.h">
      <Filter>Header Files</Filter>
    </ClInclude>
    <ClInclude Include="Steam\OSW\ISteam004.h">
      <Filter>Header Files</Filter>
    </ClInclude>
    <ClInclude Include="Steam\OSW\ISteam005.h">
      <Filter>Header Files</Filter>
    </ClInclude>
    <ClInclude Include="Steam\OSW\ISteam006.h">
      <Filter>Header Files</Filter>
    </ClInclude>
    <ClInclude Include="Steam\OSW\ISteamApps001.h">
      <Filter>Header Files</Filter>
    </ClInclude>
    <ClInclude Include="Steam\OSW\ISteamApps002.h">
      <Filter>Header Files</Filter>
    </ClInclude>
    <ClInclude Include="Steam\OSW\ISteamApps003.h">
      <Filter>Header Files</Filter>
    </ClInclude>
    <ClInclude Include="Steam\OSW\ISteamApps004.h">
      <Filter>Header Files</Filter>
    </ClInclude>
    <ClInclude Include="Steam\OSW\ISteamApps005.h">
      <Filter>Header Files</Filter>
    </ClInclude>
    <ClInclude Include="Steam\OSW\ISteamAppTicket001.h">
      <Filter>Header Files</Filter>
    </ClInclude>
    <ClInclude Include="Steam\OSW\ISteamBilling001.h">
      <Filter>Header Files</Filter>
    </ClInclude>
    <ClInclude Include="Steam\OSW\ISteamBilling002.h">
      <Filter>Header Files</Filter>
    </ClInclude>
    <ClInclude Include="Steam\OSW\ISteamClient006.h">
      <Filter>Header Files</Filter>
    </ClInclude>
    <ClInclude Include="Steam\OSW\ISteamClient007.h">
      <Filter>Header Files</Filter>
    </ClInclude>
    <ClInclude Include="Steam\OSW\ISteamClient008.h">
      <Filter>Header Files</Filter>
    </ClInclude>
    <ClInclude Include="Steam\OSW\ISteamClient009.h">
      <Filter>Header Files</Filter>
    </ClInclude>
    <ClInclude Include="Steam\OSW\ISteamClient010.h">
      <Filter>Header Files</Filter>
    </ClInclude>
    <ClInclude Include="Steam\OSW\ISteamClient011.h">
      <Filter>Header Files</Filter>
    </ClInclude>
    <ClInclude Include="Steam\OSW\ISteamClient012.h">
      <Filter>Header Files</Filter>
    </ClInclude>
    <ClInclude Include="Steam\OSW\ISteamContentServer001.h">
      <Filter>Header Files</Filter>
    </ClInclude>
    <ClInclude Include="Steam\OSW\ISteamContentServer002.h">
      <Filter>Header Files</Filter>
    </ClInclude>
    <ClInclude Include="Steam\OSW\ISteamController001.h">
      <Filter>Header Files</Filter>
    </ClInclude>
    <ClInclude Include="Steam\OSW\ISteamFriends001.h">
      <Filter>Header Files</Filter>
    </ClInclude>
    <ClInclude Include="Steam\OSW\ISteamFriends002.h">
      <Filter>Header Files</Filter>
    </ClInclude>
    <ClInclude Include="Steam\OSW\ISteamFriends003.h">
      <Filter>Header Files</Filter>
    </ClInclude>
    <ClInclude Include="Steam\OSW\ISteamFriends004.h">
      <Filter>Header Files</Filter>
    </ClInclude>
    <ClInclude Include="Steam\OSW\ISteamFriends005.h">
      <Filter>Header Files</Filter>
    </ClInclude>
    <ClInclude Include="Steam\OSW\ISteamFriends006.h">
      <Filter>Header Files</Filter>
    </ClInclude>
    <ClInclude Include="Steam\OSW\ISteamFriends007.h">
      <Filter>Header Files</Filter>
    </ClInclude>
    <ClInclude Include="Steam\OSW\ISteamFriends008.h">
      <Filter>Header Files</Filter>
    </ClInclude>
    <ClInclude Include="Steam\OSW\ISteamFriends009.h">
      <Filter>Header Files</Filter>
    </ClInclude>
    <ClInclude Include="Steam\OSW\ISteamFriends010.h">
      <Filter>Header Files</Filter>
    </ClInclude>
    <ClInclude Include="Steam\OSW\ISteamFriends011.h">
      <Filter>Header Files</Filter>
    </ClInclude>
    <ClInclude Include="Steam\OSW\ISteamFriends012.h">
      <Filter>Header Files</Filter>
    </ClInclude>
    <ClInclude Include="Steam\OSW\ISteamFriends013.h">
      <Filter>Header Files</Filter>
    </ClInclude>
    <ClInclude Include="Steam\OSW\ISteamGameCoordinator001.h">
      <Filter>Header Files</Filter>
    </ClInclude>
    <ClInclude Include="Steam\OSW\ISteamGameServer002.h">
      <Filter>Header Files</Filter>
    </ClInclude>
    <ClInclude Include="Steam\OSW\ISteamGameServer003.h">
      <Filter>Header Files</Filter>
    </ClInclude>
    <ClInclude Include="Steam\OSW\ISteamGameServer004.h">
      <Filter>Header Files</Filter>
    </ClInclude>
    <ClInclude Include="Steam\OSW\ISteamGameServer005.h">
      <Filter>Header Files</Filter>
    </ClInclude>
    <ClInclude Include="Steam\OSW\ISteamGameServer006.h">
      <Filter>Header Files</Filter>
    </ClInclude>
    <ClInclude Include="Steam\OSW\ISteamGameServer007.h">
      <Filter>Header Files</Filter>
    </ClInclude>
    <ClInclude Include="Steam\OSW\ISteamGameServer008.h">
      <Filter>Header Files</Filter>
    </ClInclude>
    <ClInclude Include="Steam\OSW\ISteamGameServer009.h">
      <Filter>Header Files</Filter>
    </ClInclude>
    <ClInclude Include="Steam\OSW\ISteamGameServer010.h">
      <Filter>Header Files</Filter>
    </ClInclude>
    <ClInclude Include="Steam\OSW\ISteamGameServer011.h">
      <Filter>Header Files</Filter>
    </ClInclude>
    <ClInclude Include="Steam\OSW\ISteamGameServerStats001.h">
      <Filter>Header Files</Filter>
    </ClInclude>
    <ClInclude Include="Steam\OSW\ISteamGameStats001.h">
      <Filter>Header Files</Filter>
    </ClInclude>
    <ClInclude Include="Steam\OSW\ISteamHTTP001.h">
      <Filter>Header Files</Filter>
    </ClInclude>
    <ClInclude Include="Steam\OSW\ISteamHTTP002.h">
      <Filter>Header Files</Filter>
    </ClInclude>
    <ClInclude Include="Steam\OSW\ISteamMasterServerUpdater001.h">
      <Filter>Header Files</Filter>
    </ClInclude>
    <ClInclude Include="Steam\OSW\ISteamMatchmaking001.h">
      <Filter>Header Files</Filter>
    </ClInclude>
    <ClInclude Include="Steam\OSW\ISteamMatchmaking002.h">
      <Filter>Header Files</Filter>
    </ClInclude>
    <ClInclude Include="Steam\OSW\ISteamMatchmaking003.h">
      <Filter>Header Files</Filter>
    </ClInclude>
    <ClInclude Include="Steam\OSW\ISteamMatchmaking004.h">
      <Filter>Header Files</Filter>
    </ClInclude>
    <ClInclude Include="Steam\OSW\ISteamMatchmaking005.h">
      <Filter>Header Files</Filter>
    </ClInclude>
    <ClInclude Include="Steam\OSW\ISteamMatchmaking006.h">
      <Filter>Header Files</Filter>
    </ClInclude>
    <ClInclude Include="Steam\OSW\ISteamMatchmaking007.h">
      <Filter>Header Files</Filter>
    </ClInclude>
    <ClInclude Include="Steam\OSW\ISteamMatchmaking008.h">
      <Filter>Header Files</Filter>
    </ClInclude>
    <ClInclude Include="Steam\OSW\ISteamMatchmaking009.h">
      <Filter>Header Files</Filter>
    </ClInclude>
    <ClInclude Include="Steam\OSW\ISteamMatchmakingServers001.h">
      <Filter>Header Files</Filter>
    </ClInclude>
    <ClInclude Include="Steam\OSW\ISteamMatchmakingServers002.h">
      <Filter>Header Files</Filter>
    </ClInclude>
    <ClInclude Include="Steam\OSW\ISteamNetworking001.h">
      <Filter>Header Files</Filter>
    </ClInclude>
    <ClInclude Include="Steam\OSW\ISteamNetworking002.h">
      <Filter>Header Files</Filter>
    </ClInclude>
    <ClInclude Include="Steam\OSW\ISteamNetworking003.h">
      <Filter>Header Files</Filter>
    </ClInclude>
    <ClInclude Include="Steam\OSW\ISteamNetworking004.h">
      <Filter>Header Files</Filter>
    </ClInclude>
    <ClInclude Include="Steam\OSW\ISteamNetworking005.h">
      <Filter>Header Files</Filter>
    </ClInclude>
    <ClInclude Include="Steam\OSW\ISteamOAuth001.h">
      <Filter>Header Files</Filter>
    </ClInclude>
    <ClInclude Include="Steam\OSW\ISteamRemoteStorage001.h">
      <Filter>Header Files</Filter>
    </ClInclude>
    <ClInclude Include="Steam\OSW\ISteamRemoteStorage002.h">
      <Filter>Header Files</Filter>
    </ClInclude>
    <ClInclude Include="Steam\OSW\ISteamRemoteStorage003.h">
      <Filter>Header Files</Filter>
    </ClInclude>
    <ClInclude Include="Steam\OSW\ISteamRemoteStorage004.h">
      <Filter>Header Files</Filter>
    </ClInclude>
    <ClInclude Include="Steam\OSW\ISteamRemoteStorage005.h">
      <Filter>Header Files</Filter>
    </ClInclude>
    <ClInclude Include="Steam\OSW\ISteamRemoteStorage006.h">
      <Filter>Header Files</Filter>
    </ClInclude>
    <ClInclude Include="Steam\OSW\ISteamRemoteStorage007.h">
      <Filter>Header Files</Filter>
    </ClInclude>
    <ClInclude Include="Steam\OSW\ISteamRemoteStorage008.h">
      <Filter>Header Files</Filter>
    </ClInclude>
    <ClInclude Include="Steam\OSW\ISteamRemoteStorage009.h">
      <Filter>Header Files</Filter>
    </ClInclude>
    <ClInclude Include="Steam\OSW\ISteamRemoteStorage010.h">
      <Filter>Header Files</Filter>
    </ClInclude>
    <ClInclude Include="Steam\OSW\ISteamRemoteStorage011.h">
      <Filter>Header Files</Filter>
    </ClInclude>
    <ClInclude Include="Steam\OSW\ISteamRemoteStorage012.h">
      <Filter>Header Files</Filter>
    </ClInclude>
    <ClInclude Include="Steam\OSW\ISteamScreenshots001.h">
      <Filter>Header Files</Filter>
    </ClInclude>
    <ClInclude Include="Steam\OSW\ISteamScreenshots002.h">
      <Filter>Header Files</Filter>
    </ClInclude>
    <ClInclude Include="Steam\OSW\ISteamStreamLauncher001.h">
      <Filter>Header Files</Filter>
    </ClInclude>
    <ClInclude Include="Steam\OSW\ISteamUnifiedMessages001.h">
      <Filter>Header Files</Filter>
    </ClInclude>
    <ClInclude Include="Steam\OSW\ISteamUser004.h">
      <Filter>Header Files</Filter>
    </ClInclude>
    <ClInclude Include="Steam\OSW\ISteamUser005.h">
      <Filter>Header Files</Filter>
    </ClInclude>
    <ClInclude Include="Steam\OSW\ISteamUser006.h">
      <Filter>Header Files</Filter>
    </ClInclude>
    <ClInclude Include="Steam\OSW\ISteamUser007.h">
      <Filter>Header Files</Filter>
    </ClInclude>
    <ClInclude Include="Steam\OSW\ISteamUser008.h">
      <Filter>Header Files</Filter>
    </ClInclude>
    <ClInclude Include="Steam\OSW\ISteamUser009.h">
      <Filter>Header Files</Filter>
    </ClInclude>
    <ClInclude Include="Steam\OSW\ISteamUser010.h">
      <Filter>Header Files</Filter>
    </ClInclude>
    <ClInclude Include="Steam\OSW\ISteamUser011.h">
      <Filter>Header Files</Filter>
    </ClInclude>
    <ClInclude Include="Steam\OSW\ISteamUser012.h">
      <Filter>Header Files</Filter>
    </ClInclude>
    <ClInclude Include="Steam\OSW\ISteamUser013.h">
      <Filter>Header Files</Filter>
    </ClInclude>
    <ClInclude Include="Steam\OSW\ISteamUser014.h">
      <Filter>Header Files</Filter>
    </ClInclude>
    <ClInclude Include="Steam\OSW\ISteamUser015.h">
      <Filter>Header Files</Filter>
    </ClInclude>
    <ClInclude Include="Steam\OSW\ISteamUser016.h">
      <Filter>Header Files</Filter>
    </ClInclude>
    <ClInclude Include="Steam\OSW\ISteamUser017.h">
      <Filter>Header Files</Filter>
    </ClInclude>
    <ClInclude Include="Steam\OSW\ISteamUserStats001.h">
      <Filter>Header Files</Filter>
    </ClInclude>
    <ClInclude Include="Steam\OSW\ISteamUserStats002.h">
      <Filter>Header Files</Filter>
    </ClInclude>
    <ClInclude Include="Steam\OSW\ISteamUserStats003.h">
      <Filter>Header Files</Filter>
    </ClInclude>
    <ClInclude Include="Steam\OSW\ISteamUserStats004.h">
      <Filter>Header Files</Filter>
    </ClInclude>
    <ClInclude Include="Steam\OSW\ISteamUserStats005.h">
      <Filter>Header Files</Filter>
    </ClInclude>
    <ClInclude Include="Steam\OSW\ISteamUserStats006.h">
      <Filter>Header Files</Filter>
    </ClInclude>
    <ClInclude Include="Steam\OSW\ISteamUserStats007.h">
      <Filter>Header Files</Filter>
    </ClInclude>
    <ClInclude Include="Steam\OSW\ISteamUserStats008.h">
      <Filter>Header Files</Filter>
    </ClInclude>
    <ClInclude Include="Steam\OSW\ISteamUserStats009.h">
      <Filter>Header Files</Filter>
    </ClInclude>
    <ClInclude Include="Steam\OSW\ISteamUserStats010.h">
      <Filter>Header Files</Filter>
    </ClInclude>
    <ClInclude Include="Steam\OSW\ISteamUserStats011.h">
      <Filter>Header Files</Filter>
    </ClInclude>
    <ClInclude Include="Steam\OSW\ISteamUtils001.h">
      <Filter>Header Files</Filter>
    </ClInclude>
    <ClInclude Include="Steam\OSW\ISteamUtils002.h">
      <Filter>Header Files</Filter>
    </ClInclude>
    <ClInclude Include="Steam\OSW\ISteamUtils003.h">
      <Filter>Header Files</Filter>
    </ClInclude>
    <ClInclude Include="Steam\OSW\ISteamUtils004.h">
      <Filter>Header Files</Filter>
    </ClInclude>
    <ClInclude Include="Steam\OSW\ISteamUtils005.h">
      <Filter>Header Files</Filter>
    </ClInclude>
    <ClInclude Include="Steam\OSW\ISteamUtils006.h">
      <Filter>Header Files</Filter>
    </ClInclude>
    <ClInclude Include="Steam\OSW\MasterServerUpdaterCommon.h">
      <Filter>Header Files</Filter>
    </ClInclude>
    <ClInclude Include="Steam\OSW\MatchmakingCommon.h">
      <Filter>Header Files</Filter>
    </ClInclude>
    <ClInclude Include="Steam\OSW\MatchMakingKeyValuePair.h">
      <Filter>Header Files</Filter>
    </ClInclude>
    <ClInclude Include="Steam\OSW\MatchmakingServersCommon.h">
      <Filter>Header Files</Filter>
    </ClInclude>
    <ClInclude Include="Steam\OSW\NetworkingCommon.h">
      <Filter>Header Files</Filter>
    </ClInclude>
    <ClInclude Include="Steam\OSW\OAuthCommon.h">
      <Filter>Header Files</Filter>
    </ClInclude>
    <ClInclude Include="Steam\OSW\POSIXLibrary.h">
      <Filter>Header Files</Filter>
    </ClInclude>
    <ClInclude Include="Steam\OSW\RemoteStorageCommon.h">
      <Filter>Header Files</Filter>
    </ClInclude>
    <ClInclude Include="Steam\OSW\ScreenshotsCommon.h">
      <Filter>Header Files</Filter>
    </ClInclude>
    <ClInclude Include="Steam\OSW\servernetadr.h">
      <Filter>Header Files</Filter>
    </ClInclude>
    <ClInclude Include="Steam\OSW\Steam.h">
      <Filter>Header Files</Filter>
    </ClInclude>
    <ClInclude Include="Steam\OSW\SteamAPI.h">
      <Filter>Header Files</Filter>
    </ClInclude>
    <ClInclude Include="Steam\OSW\Steamclient.h">
      <Filter>Header Files</Filter>
    </ClInclude>
    <ClInclude Include="Steam\OSW\SteamclientAPI.h">
      <Filter>Header Files</Filter>
    </ClInclude>
    <ClInclude Include="Steam\OSW\SteamSalt.h">
      <Filter>Header Files</Filter>
    </ClInclude>
    <ClInclude Include="Steam\OSW\SteamTypes.h">
      <Filter>Header Files</Filter>
    </ClInclude>
    <ClInclude Include="Steam\OSW\Steamworks.h">
      <Filter>Header Files</Filter>
    </ClInclude>
    <ClInclude Include="Steam\OSW\StreamLauncherCommon.h">
      <Filter>Header Files</Filter>
    </ClInclude>
    <ClInclude Include="Steam\OSW\TSteamApp.h">
      <Filter>Header Files</Filter>
    </ClInclude>
    <ClInclude Include="Steam\OSW\TSteamAppDependencyInfo.h">
      <Filter>Header Files</Filter>
    </ClInclude>
    <ClInclude Include="Steam\OSW\TSteamAppLaunchOption.h">
      <Filter>Header Files</Filter>
    </ClInclude>
    <ClInclude Include="Steam\OSW\TSteamAppStats.h">
      <Filter>Header Files</Filter>
    </ClInclude>
    <ClInclude Include="Steam\OSW\TSteamAppVersion.h">
      <Filter>Header Files</Filter>
    </ClInclude>
    <ClInclude Include="Steam\OSW\TSteamDiscountQualifier.h">
      <Filter>Header Files</Filter>
    </ClInclude>
    <ClInclude Include="Steam\OSW\TSteamElemInfo.h">
      <Filter>Header Files</Filter>
    </ClInclude>
    <ClInclude Include="Steam\OSW\TSteamError.h">
      <Filter>Header Files</Filter>
    </ClInclude>
    <ClInclude Include="Steam\OSW\TSteamExternalBillingInfo.h">
      <Filter>Header Files</Filter>
    </ClInclude>
    <ClInclude Include="Steam\OSW\TSteamGlobalUserID.h">
      <Filter>Header Files</Filter>
    </ClInclude>
    <ClInclude Include="Steam\OSW\TSteamOfflineStatus.h">
      <Filter>Header Files</Filter>
    </ClInclude>
    <ClInclude Include="Steam\OSW\TSteamPaymentCardInfo.h">
      <Filter>Header Files</Filter>
    </ClInclude>
    <ClInclude Include="Steam\OSW\TSteamPaymentCardReceiptInfo.h">
      <Filter>Header Files</Filter>
    </ClInclude>
    <ClInclude Include="Steam\OSW\TSteamPrepurchaseInfo.h">
      <Filter>Header Files</Filter>
    </ClInclude>
    <ClInclude Include="Steam\OSW\TSteamPrepurchaseReceiptInfo.h">
      <Filter>Header Files</Filter>
    </ClInclude>
    <ClInclude Include="Steam\OSW\TSteamProgress.h">
      <Filter>Header Files</Filter>
    </ClInclude>
    <ClInclude Include="Steam\OSW\TSteamSplitLocalUserID.h">
      <Filter>Header Files</Filter>
    </ClInclude>
    <ClInclude Include="Steam\OSW\TSteamSubscription.h">
      <Filter>Header Files</Filter>
    </ClInclude>
    <ClInclude Include="Steam\OSW\TSteamSubscriptionBillingInfo.h">
      <Filter>Header Files</Filter>
    </ClInclude>
    <ClInclude Include="Steam\OSW\TSteamSubscriptionDiscount.h">
      <Filter>Header Files</Filter>
    </ClInclude>
    <ClInclude Include="Steam\OSW\TSteamSubscriptionReceipt.h">
      <Filter>Header Files</Filter>
    </ClInclude>
    <ClInclude Include="Steam\OSW\TSteamSubscriptionStats.h">
      <Filter>Header Files</Filter>
    </ClInclude>
    <ClInclude Include="Steam\OSW\TSteamUpdateStats.h">
      <Filter>Header Files</Filter>
    </ClInclude>
    <ClInclude Include="Steam\OSW\UnifiedMessagesCommon.h">
      <Filter>Header Files</Filter>
    </ClInclude>
    <ClInclude Include="Steam\OSW\UserCommon.h">
      <Filter>Header Files</Filter>
    </ClInclude>
    <ClInclude Include="Steam\OSW\UserStatsCommon.h">
      <Filter>Header Files</Filter>
    </ClInclude>
    <ClInclude Include="Steam\OSW\UtilsCommon.h">
      <Filter>Header Files</Filter>
    </ClInclude>
    <ClInclude Include="Steam\OSW\Win32Library.h">
      <Filter>Header Files</Filter>
    </ClInclude>
    <ClInclude Include="Steam\Server\SteamApps\SteamApps001.h">
      <Filter>Header Files</Filter>
    </ClInclude>
    <ClInclude Include="Steam\Server\SteamApps\SteamApps002.h">
      <Filter>Header Files</Filter>
    </ClInclude>
    <ClInclude Include="Steam\Server\SteamApps\SteamApps003.h">
      <Filter>Header Files</Filter>
    </ClInclude>
    <ClInclude Include="Steam\Server\SteamApps\SteamApps004.h">
      <Filter>Header Files</Filter>
    </ClInclude>
    <ClInclude Include="Utils\Log.h">
      <Filter>Header Files</Filter>
    </ClInclude>
    <ClInclude Include="STDInc.h">
      <Filter>Header Files</Filter>
    </ClInclude>
    <ClInclude Include="Steam\Steam.h">
      <Filter>Header Files</Filter>
    </ClInclude>
    <ClInclude Include="Steam\Server\SteamApps\SteamApps005.h">
      <Filter>Header Files</Filter>
    </ClInclude>
    <ClInclude Include="Steam\Server\SteamAppTicket\SteamAppTicket001.h">
      <Filter>Header Files</Filter>
    </ClInclude>
  </ItemGroup>
  <ItemGroup>
    <ClCompile Include="Steam\Server\SteamApps\SteamApps001.cpp">
      <Filter>Source Files</Filter>
    </ClCompile>
    <ClCompile Include="Steam\Server\SteamApps\SteamApps002.cpp">
      <Filter>Source Files</Filter>
    </ClCompile>
    <ClCompile Include="Steam\Server\SteamApps\SteamApps003.cpp">
      <Filter>Source Files</Filter>
    </ClCompile>
    <ClCompile Include="Steam\Server\SteamApps\SteamApps004.cpp">
      <Filter>Source Files</Filter>
    </ClCompile>
    <ClCompile Include="Steam\Server\SteamApps\SteamApps005.cpp">
      <Filter>Source Files</Filter>
    </ClCompile>
    <ClCompile Include="Utils\Log.cpp">
      <Filter>Source Files</Filter>
    </ClCompile>
    <ClCompile Include="hAPI.cpp">
      <Filter>Source Files</Filter>
    </ClCompile>
    <ClCompile Include="Steam\Server\SteamAppTicket\SteamAppTicket001.cpp">
      <Filter>Source Files</Filter>
    </ClCompile>
  </ItemGroup>
</Project>